
Microsoft Visual Studio Solution File, Format Version 12.00
# Visual Studio Version 17
VisualStudioVersion = 17.5.33530.505
MinimumVisualStudioVersion = 10.0.40219.1
Project("{FAE04EC0-301F-11D3-BF4B-00C04F79EFBC}") = "FIFA23_OCM", "FIFA23_OCM\FIFA23_OCM.csproj", "{0F04E938-2BE4-4F3E-93AE-9E38FC359BD9}"
EndProject
Global
	GlobalSection(SolutionConfigurationPlatforms) = preSolution
		Debug|Any CPU = Debug|Any CPU
		Release|Any CPU = Release|Any CPU
	EndGlobalSection
	GlobalSection(ProjectConfigurationPlatforms) = postSolution
		{0F04E938-2BE4-4F3E-93AE-9E38FC359BD9}.Debug|Any CPU.ActiveCfg = Debug|Any CPU
		{0F04E938-2BE4-4F3E-93AE-9E38FC359BD9}.Debug|Any CPU.Build.0 = Debug|Any CPU
		{0F04E938-2BE4-4F3E-93AE-9E38FC359BD9}.Release|Any CPU.ActiveCfg = Release|Any CPU
		{0F04E938-2BE4-4F3E-93AE-9E38FC359BD9}.Release|Any CPU.Build.0 = Release|Any CPU
	EndGlobalSection
	GlobalSection(SolutionProperties) = preSolution
		HideSolutionNode = FALSE
	EndGlobalSection
	GlobalSection(ExtensibilityGlobals) = postSolution
		SolutionGuid = {6677FCDA-084D-4B99-A940-47A4D0D99E65}
	EndGlobalSection
EndGlobal
